Microsoft Visual Studio Solution File, Format Version 11.00
# Visual Studio 2008

Project("{1717541A-CD41-C4BA-87D4-1E69A6C459D5}") = "AndroidRunner", "Assembly-CSharp-firstpass.csproj", "{C9495BF2-1B8E-A1D0-8A68-B3E383C9AD1D}"
EndProject
Project("{1717541A-CD41-C4BA-87D4-1E69A6C459D5}") = "AndroidRunner", "Assembly-CSharp-Editor.csproj", "{5012017D-B4D2-0659-581A-A61153DBD7DE}"
EndProject
Global
	GlobalSection(SolutionConfigurationPlatforms) = preSolution
		Debug|Any CPU = Debug|Any CPU
		Release|Any CPU = Release|Any CPU
	EndGlobalSection
	GlobalSection(ProjectConfigurationPlatforms) = postSolution
		{C9495BF2-1B8E-A1D0-8A68-B3E383C9AD1D}.Debug|Any CPU.ActiveCfg = Debug|Any CPU
		{C9495BF2-1B8E-A1D0-8A68-B3E383C9AD1D}.Debug|Any CPU.Build.0 = Debug|Any CPU
		{C9495BF2-1B8E-A1D0-8A68-B3E383C9AD1D}.Release|Any CPU.ActiveCfg = Release|Any CPU
		{C9495BF2-1B8E-A1D0-8A68-B3E383C9AD1D}.Release|Any CPU.Build.0 = Release|Any CPU
		{5012017D-B4D2-0659-581A-A61153DBD7DE}.Debug|Any CPU.ActiveCfg = Debug|Any CPU
		{5012017D-B4D2-0659-581A-A61153DBD7DE}.Debug|Any CPU.Build.0 = Debug|Any CPU
		{5012017D-B4D2-0659-581A-A61153DBD7DE}.Release|Any CPU.ActiveCfg = Release|Any CPU
		{5012017D-B4D2-0659-581A-A61153DBD7DE}.Release|Any CPU.Build.0 = Release|Any CPU
	EndGlobalSection
	GlobalSection(SolutionProperties) = preSolution
		HideSolutionNode = FALSE
	EndGlobalSection
	GlobalSection(MonoDevelopProperties) = preSolution
		StartupItem = Assembly-CSharp.csproj
	EndGlobalSection
EndGlobal
